
Microsoft Visual Studio Solution File, Format Version 12.00
# Visual Studio Version 16
VisualStudioVersion = 16.0.29001.49
MinimumVisualStudioVersion = 10.0.40219.1
Project("{FAE04EC0-301F-11D3-BF4B-00C04F79EFBC}") = "OTGEdit", "OTGEdit.csproj", "{7B782A76-4AD5-49D8-AAF1-5DC2DDB72DD6}"
EndProject
Global
	GlobalSection(SolutionConfigurationPlatforms) = preSolution
		Debug|x86 = Debug|x86
		Release|x86 = Release|x86
	EndGlobalSection
	GlobalSection(ProjectConfigurationPlatforms) = postSolution
		{7B782A76-4AD5-49D8-AAF1-5DC2DDB72DD6}.Debug|x86.ActiveCfg = Debug|x86
		{7B782A76-4AD5-49D8-AAF1-5DC2DDB72DD6}.Debug|x86.Build.0 = Debug|x86
		{7B782A76-4AD5-49D8-AAF1-5DC2DDB72DD6}.Release|x86.ActiveCfg = Release|x86
		{7B782A76-4AD5-49D8-AAF1-5DC2DDB72DD6}.Release|x86.Build.0 = Release|x86
	EndGlobalSection
	GlobalSection(SolutionProperties) = preSolution
		HideSolutionNode = FALSE
	EndGlobalSection
	GlobalSection(ExtensibilityGlobals) = postSolution
		SolutionGuid = {3004B4B4-9496-4423-AF75-DF530D1EAC39}
	EndGlobalSection
EndGlobal
